
Microsoft Visual Studio Solution File, Format Version 12.00
# Visual Studio Version 16
VisualStudioVersion = 16.0.33027.164
MinimumVisualStudioVersion = 10.0.40219.1
Project("{9A19103F-16F7-4668-BE54-9A1E7A4F7556}") = "TreinoSiteApi", "TreinoSiteApi.csproj", "{88EB7008-EF53-40E6-AC8D-6B07988E8E07}"
EndProject
Project("{9A19103F-16F7-4668-BE54-9A1E7A4F7556}") = "TreinoApiView", "..\TreinoApiView\TreinoApiView.csproj", "{420DBBDD-327E-4D61-BFA1-02F0A2438976}"
EndProject
Project("{9A19103F-16F7-4668-BE54-9A1E7A4F7556}") = "TreinoEntityFrameworkCore", "..\TreinoEntityFrameworkCore\TreinoEntityFrameworkCore.csproj", "{6C09B727-97C9-4624-BF45-82921B23F9A7}"
EndProject
Project("{9A19103F-16F7-4668-BE54-9A1E7A4F7556}") = "entityFrameworkCore2.0", "..\entityFrameworkCore2.0\entityFrameworkCore2.0.csproj", "{8CE0FC3C-1803-4F25-97D8-FB5E1F19959B}"
EndProject
Project("{9A19103F-16F7-4668-BE54-9A1E7A4F7556}") = "FluentApi", "..\FluentApi\FluentApi.csproj", "{5403B7EF-AEBE-4632-AF29-4E37209A04C2}"
EndProject
Project("{FAE04EC0-301F-11D3-BF4B-00C04F79EFBC}") = "NorthWind", "..\NorthWind\NorthWind.csproj", "{A438B053-660A-4B00-8A3F-B1BDD3CFA383}"
EndProject
Global
	GlobalSection(SolutionConfigurationPlatforms) = preSolution
		Debug|Any CPU = Debug|Any CPU
		Release|Any CPU = Release|Any CPU
	EndGlobalSection
	GlobalSection(ProjectConfigurationPlatforms) = postSolution
		{88EB7008-EF53-40E6-AC8D-6B07988E8E07}.Debug|Any CPU.ActiveCfg = Debug|Any CPU
		{88EB7008-EF53-40E6-AC8D-6B07988E8E07}.Debug|Any CPU.Build.0 = Debug|Any CPU
		{88EB7008-EF53-40E6-AC8D-6B07988E8E07}.Release|Any CPU.ActiveCfg = Release|Any CPU
		{88EB7008-EF53-40E6-AC8D-6B07988E8E07}.Release|Any CPU.Build.0 = Release|Any CPU
		{420DBBDD-327E-4D61-BFA1-02F0A2438976}.Debug|Any CPU.ActiveCfg = Debug|Any CPU
		{420DBBDD-327E-4D61-BFA1-02F0A2438976}.Debug|Any CPU.Build.0 = Debug|Any CPU
		{420DBBDD-327E-4D61-BFA1-02F0A2438976}.Release|Any CPU.ActiveCfg = Release|Any CPU
		{420DBBDD-327E-4D61-BFA1-02F0A2438976}.Release|Any CPU.Build.0 = Release|Any CPU
		{6C09B727-97C9-4624-BF45-82921B23F9A7}.Debug|Any CPU.ActiveCfg = Debug|Any CPU
		{6C09B727-97C9-4624-BF45-82921B23F9A7}.Debug|Any CPU.Build.0 = Debug|Any CPU
		{6C09B727-97C9-4624-BF45-82921B23F9A7}.Release|Any CPU.ActiveCfg = Release|Any CPU
		{6C09B727-97C9-4624-BF45-82921B23F9A7}.Release|Any CPU.Build.0 = Release|Any CPU
		{8CE0FC3C-1803-4F25-97D8-FB5E1F19959B}.Debug|Any CPU.ActiveCfg = Debug|Any CPU
		{8CE0FC3C-1803-4F25-97D8-FB5E1F19959B}.Debug|Any CPU.Build.0 = Debug|Any CPU
		{8CE0FC3C-1803-4F25-97D8-FB5E1F19959B}.Release|Any CPU.ActiveCfg = Release|Any CPU
		{8CE0FC3C-1803-4F25-97D8-FB5E1F19959B}.Release|Any CPU.Build.0 = Release|Any CPU
		{5403B7EF-AEBE-4632-AF29-4E37209A04C2}.Debug|Any CPU.ActiveCfg = Debug|Any CPU
		{5403B7EF-AEBE-4632-AF29-4E37209A04C2}.Debug|Any CPU.Build.0 = Debug|Any CPU
		{5403B7EF-AEBE-4632-AF29-4E37209A04C2}.Release|Any CPU.ActiveCfg = Release|Any CPU
		{5403B7EF-AEBE-4632-AF29-4E37209A04C2}.Release|Any CPU.Build.0 = Release|Any CPU
		{A438B053-660A-4B00-8A3F-B1BDD3CFA383}.Debug|Any CPU.ActiveCfg = Debug|Any CPU
		{A438B053-660A-4B00-8A3F-B1BDD3CFA383}.Debug|Any CPU.Build.0 = Debug|Any CPU
		{A438B053-660A-4B00-8A3F-B1BDD3CFA383}.Release|Any CPU.ActiveCfg = Release|Any CPU
		{A438B053-660A-4B00-8A3F-B1BDD3CFA383}.Release|Any CPU.Build.0 = Release|Any CPU
	EndGlobalSection
	GlobalSection(SolutionProperties) = preSolution
		HideSolutionNode = FALSE
	EndGlobalSection
	GlobalSection(ExtensibilityGlobals) = postSolution
		SolutionGuid = {F2AF4EEC-A61B-4E2A-BEB6-38B83B1F3CD1}
	EndGlobalSection
EndGlobal
